
Microsoft Visual Studio Solution File, Format Version 12.00
# Visual Studio Version 16
VisualStudioVersion = 16.0.33423.256
MinimumVisualStudioVersion = 10.0.40219.1
Project("{FAE04EC0-301F-11D3-BF4B-00C04F79EFBC}") = "FluxoDeCaixa", "FluxoDeCaixa\FluxoDeCaixa.csproj", "{6530574D-FB8D-4545-B9A8-BB7EE170E71D}"
EndProject
Global
	GlobalSection(SolutionConfigurationPlatforms) = preSolution
		Debug|Any CPU = Debug|Any CPU
		Release|Any CPU = Release|Any CPU
	EndGlobalSection
	GlobalSection(ProjectConfigurationPlatforms) = postSolution
		{6530574D-FB8D-4545-B9A8-BB7EE170E71D}.Debug|Any CPU.ActiveCfg = Debug|Any CPU
		{6530574D-FB8D-4545-B9A8-BB7EE170E71D}.Debug|Any CPU.Build.0 = Debug|Any CPU
		{6530574D-FB8D-4545-B9A8-BB7EE170E71D}.Release|Any CPU.ActiveCfg = Release|Any CPU
		{6530574D-FB8D-4545-B9A8-BB7EE170E71D}.Release|Any CPU.Build.0 = Release|Any CPU
	EndGlobalSection
	GlobalSection(SolutionProperties) = preSolution
		HideSolutionNode = FALSE
	EndGlobalSection
	GlobalSection(ExtensibilityGlobals) = postSolution
		SolutionGuid = {0C2C5D31-A273-41FC-8675-1059CD104248}
	EndGlobalSection
EndGlobal
